// !$*UTF8*$!
{
	archiveVersion = 1;
	classes = {
	};
	objectVersion = 46;
	objects = {

/* Begin PBXBuildFile section */
		CFC109B51E353C7300D59F6B /* main.cpp in Sources */ = {isa = PBXBuildFile; fileRef = CFC109B41E353C7300D59F6B /* main.cpp */; };
		CFC109BF1E3542A400D59F6B /* Database.cpp in Sources */ = {isa = PBXBuildFile; fileRef = CFC109BD1E3542A400D59F6B /* Database.cpp */; };
		CFC109C41E3542BC00D59F6B /* Record.cpp in Sources */ = {isa = PBXBuildFile; fileRef = CFC109C21E3542BC00D59F6B /* Record.cpp */; };
/* End PBXBuildFile section */

/* Begin PBXCopyFilesBuildPhase section */
		CFC109AF1E353C7200D59F6B /* CopyFiles */ = {
			isa = PBXCopyFilesBuildPhase;
			buildActionMask = 2147483647;
			dstPath = /usr/share/man/man1/;
			dstSubfolderSpec = 0;
			files = (
			);
			runOnlyForDeploymentPostprocessing = 1;
		};
/* End PBXCopyFilesBuildPhase section */

/* Begin PBXFileReference section */
		CFC109B11E353C7300D59F6B /* FixedLengthDB */ = {isa = PBXFileReference; explicitFileType = "compiled.mach-o.executable"; includeInIndex = 0; path = FixedLengthDB; sourceTree = BUILT_PRODUCTS_DIR; };
		CFC109B41E353C7300D59F6B /* main.cpp */ = {isa = PBXFileReference; lastKnownFileType = sourcecode.cpp.cpp; path = main.cpp; sourceTree = "<group>"; };
		CFC109BB1E353E6100D59F6B /* Universities.config */ = {isa = PBXFileReference; fileEncoding = 4; lastKnownFileType = text; path = Universities.config; sourceTree = "<group>"; };
		CFC109BC1E353E7300D59F6B /* Universities.db */ = {isa = PBXFileReference; fileEncoding = 4; lastKnownFileType = text; path = Universities.db; sourceTree = "<group>"; };
		CFC109BD1E3542A400D59F6B /* Database.cpp */ = {isa = PBXFileReference; fileEncoding = 4; lastKnownFileType = sourcecode.cpp.cpp; path = Database.cpp; sourceTree = "<group>"; };
		CFC109C21E3542BC00D59F6B /* Record.cpp */ = {isa = PBXFileReference; fileEncoding = 4; lastKnownFileType = sourcecode.cpp.cpp; path = Record.cpp; sourceTree = "<group>"; };
		CFC109C61E35507300D59F6B /* ResetUniversities.db */ = {isa = PBXFileReference; fileEncoding = 4; lastKnownFileType = text; path = ResetUniversities.db; sourceTree = "<group>"; };
/* End PBXFileReference section */

/* Begin PBXFrameworksBuildPhase section */
		CFC109AE1E353C7200D59F6B /* Frameworks */ = {
			isa = PBXFrameworksBuildPhase;
			buildActionMask = 2147483647;
			files = (
			);
			runOnlyForDeploymentPostprocessing = 0;
		};
/* End PBXFrameworksBuildPhase section */

/* Begin PBXGroup section */
		CFC109A81E353C7200D59F6B = {
			isa = PBXGroup;
			children = (
				CFC109B31E353C7300D59F6B /* FixedLengthDB */,
				CFC109B21E353C7300D59F6B /* Products */,
			);
			sourceTree = "<group>";
		};
		CFC109B21E353C7300D59F6B /* Products */ = {
			isa = PBXGroup;
			children = (
				CFC109B11E353C7300D59F6B /* FixedLengthDB */,
			);
			name = Products;
			sourceTree = "<group>";
		};
		CFC109B31E353C7300D59F6B /* FixedLengthDB */ = {
			isa = PBXGroup;
			children = (
				CFC109C01E3542A900D59F6B /* Database */,
				CFC109C11E3542B100D59F6B /* Record */,
				CFC109B41E353C7300D59F6B /* main.cpp */,
			);
			path = FixedLengthDB;
			sourceTree = "<group>";
		};
		CFC109C01E3542A900D59F6B /* Database */ = {
			isa = PBXGroup;
			children = (
				CFC109BB1E353E6100D59F6B /* Universities.config */,
				CFC109BC1E353E7300D59F6B /* Universities.db */,
				CFC109C61E35507300D59F6B /* ResetUniversities.db */,
				CFC109BD1E3542A400D59F6B /* Database.cpp */,
			);
			name = Database;
			sourceTree = "<group>";
		};
		CFC109C11E3542B100D59F6B /* Record */ = {
			isa = PBXGroup;
			children = (
				CFC109C21E3542BC00D59F6B /* Record.cpp */,
			);
			name = Record;
			sourceTree = "<group>";
		};
/* End PBXGroup section */

/* Begin PBXNativeTarget section */
		CFC109B01E353C7200D59F6B /* FixedLengthDB */ = {
			isa = PBXNativeTarget;
			buildConfigurationList = CFC109B81E353C7300D59F6B /* Build configuration list for PBXNativeTarget "FixedLengthDB" */;
			buildPhases = (
				CFC109AD1E353C7200D59F6B /* Sources */,
				CFC109AE1E353C7200D59F6B /* Frameworks */,
				CFC109AF1E353C7200D59F6B /* CopyFiles */,
			);
			buildRules = (
			);
			dependencies = (
			);
			name = FixedLengthDB;
			productName = FixedLengthDB;
			productReference = CFC109B11E353C7300D59F6B /* FixedLengthDB */;
			productType = "com.apple.product-type.tool";
		};
/* End PBXNativeTarget section */

/* Begin PBXProject section */
		CFC109A91E353C7200D59F6B /* Project object */ = {
			isa = PBXProject;
			attributes = {
				LastUpgradeCheck = 0820;
				ORGANIZATIONNAME = "Jan Timpe";
				TargetAttributes = {
					CFC109B01E353C7200D59F6B = {
						CreatedOnToolsVersion = 8.2.1;
						DevelopmentTeam = 6749TS5BH5;
						ProvisioningStyle = Automatic;
					};
				};
			};
			buildConfigurationList = CFC109AC1E353C7200D59F6B /* Build configuration list for PBXProject "FixedLengthDB" */;
			compatibilityVersion = "Xcode 3.2";
			developmentRegion = English;
			hasScannedForEncodings = 0;
			knownRegions = (
				en,
			);
			mainGroup = CFC109A81E353C7200D59F6B;
			productRefGroup = CFC109B21E353C7300D59F6B /* Products */;
			projectDirPath = "";
			projectRoot = "";
			targets = (
				CFC109B01E353C7200D59F6B /* FixedLengthDB */,
			);
		};
/* End PBXProject section */

/* Begin PBXSourcesBuildPhase section */
		CFC109AD1E353C7200D59F6B /* Sources */ = {
			isa = PBXSourcesBuildPhase;
			buildActionMask = 2147483647;
			files = (
				CFC109BF1E3542A400D59F6B /* Database.cpp in Sources */,
				CFC109C41E3542BC00D59F6B /* Record.cpp in Sources */,
				CFC109B51E353C7300D59F6B /* main.cpp in Sources */,
			);
			runOnlyForDeploymentPostprocessing = 0;
		};
/* End PBXSourcesBuildPhase section */

/* Begin XCBuildConfiguration section */
		CFC109B61E353C7300D59F6B /* Debug */ = {
			isa = XCBuildConfiguration;
			buildSettings = {
				ALWAYS_SEARCH_USER_PATHS = NO;
				CLANG_ANALYZER_NONNULL = YES;
				CLANG_CXX_LANGUAGE_STANDARD = "gnu++0x";
				CLANG_CXX_LIBRARY = "libc++";
				CLANG_ENABLE_MODULES = YES;
				CLANG_ENABLE_OBJC_ARC = YES;
				CLANG_WARN_BOOL_CONVERSION = YES;
				CLANG_WARN_CONSTANT_CONVERSION = YES;
				CLANG_WARN_DIRECT_OBJC_ISA_USAGE = YES_ERROR;
				CLANG_WARN_DOCUMENTATION_COMMENTS = YES;
				CLANG_WARN_EMPTY_BODY = YES;
				CLANG_WARN_ENUM_CONVERSION = YES;
				CLANG_WARN_INFINITE_RECURSION = YES;
				CLANG_WARN_INT_CONVERSION = YES;
				CLANG_WARN_OBJC_ROOT_CLASS = YES_ERROR;
				CLANG_WARN_SUSPICIOUS_MOVE = YES;
				CLANG_WARN_UNREACHABLE_CODE = YES;
				CLANG_WARN__DUPLICATE_METHOD_MATCH = YES;
				CODE_SIGN_IDENTITY = "-";
				COPY_PHASE_STRIP = NO;
				DEBUG_INFORMATION_FORMAT = dwarf;
				ENABLE_STRICT_OBJC_MSGSEND = YES;
				ENABLE_TESTABILITY = YES;
				GCC_C_LANGUAGE_STANDARD = gnu99;
				GCC_DYNAMIC_NO_PIC = NO;
				GCC_NO_COMMON_BLOCKS = YES;
				GCC_OPTIMIZATION_LEVEL = 0;
				GCC_PREPROCESSOR_DEFINITIONS = (
					"DEBUG=1",
					"$(inherited)",
				);
				GCC_WARN_64_TO_32_BIT_CONVERSION = YES;
				GCC_WARN_ABOUT_RETURN_TYPE = YES_ERROR;
				GCC_WARN_UNDECLARED_SELECTOR = YES;
				GCC_WARN_UNINITIALIZED_AUTOS = YES_AGGRESSIVE;
				GCC_WARN_UNUSED_FUNCTION = YES;
				GCC_WARN_UNUSED_VARIABLE = YES;
				MACOSX_DEPLOYMENT_TARGET = 10.12;
				MTL_ENABLE_DEBUG_INFO = YES;
				ONLY_ACTIVE_ARCH = YES;
				SDKROOT = macosx;
			};
			name = Debug;
		};
		CFC109B71E353C7300D59F6B /* Release */ = {
			isa = XCBuildConfiguration;
			buildSettings = {
				ALWAYS_SEARCH_USER_PATHS = NO;
				CLANG_ANALYZER_NONNULL = YES;
				CLANG_CXX_LANGUAGE_STANDARD = "gnu++0x";
				CLANG_CXX_LIBRARY = "libc++";
				CLANG_ENABLE_MODULES = YES;
				CLANG_ENABLE_OBJC_ARC = YES;
				CLANG_WARN_BOOL_CONVERSION = YES;
				CLANG_WARN_CONSTANT_CONVERSION = YES;
				CLANG_WARN_DIRECT_OBJC_ISA_USAGE = YES_ERROR;
				CLANG_WARN_DOCUMENTATION_COMMENTS = YES;
				CLANG_WARN_EMPTY_BODY = YES;
				CLANG_WARN_ENUM_CONVERSION = YES;
				CLANG_WARN_INFINITE_RECURSION = YES;
				CLANG_WARN_INT_CONVERSION = YES;
				CLANG_WARN_OBJC_ROOT_CLASS = YES_ERROR;
				CLANG_WARN_SUSPICIOUS_MOVE = YES;
				CLANG_WARN_UNREACHABLE_CODE = YES;
				CLANG_WARN__DUPLICATE_METHOD_MATCH = YES;
				CODE_SIGN_IDENTITY = "-";
				COPY_PHASE_STRIP = NO;
				DEBUG_INFORMATION_FORMAT = "dwarf-with-dsym";
				ENABLE_NS_ASSERTIONS = NO;
				ENABLE_STRICT_OBJC_MSGSEND = YES;
				GCC_C_LANGUAGE_STANDARD = gnu99;
				GCC_NO_COMMON_BLOCKS = YES;
				GCC_WARN_64_TO_32_BIT_CONVERSION = YES;
				GCC_WARN_ABOUT_RETURN_TYPE = YES_ERROR;
				GCC_WARN_UNDECLARED_SELECTOR = YES;
				GCC_WARN_UNINITIALIZED_AUTOS = YES_AGGRESSIVE;
				GCC_WARN_UNUSED_FUNCTION = YES;
				GCC_WARN_UNUSED_VARIABLE = YES;
				MACOSX_DEPLOYMENT_TARGET = 10.12;
				MTL_ENABLE_DEBUG_INFO = NO;
				SDKROOT = macosx;
			};
			name = Release;
		};
		CFC109B91E353C7300D59F6B /* Debug */ = {
			isa = XCBuildConfiguration;
			buildSettings = {
				DEVELOPMENT_TEAM = 6749TS5BH5;
				PRODUCT_NAME = "$(TARGET_NAME)";
			};
			name = Debug;
		};
		CFC109BA1E353C7300D59F6B /* Release */ = {
			isa = XCBuildConfiguration;
			buildSettings = {
				DEVELOPMENT_TEAM = 6749TS5BH5;
				PRODUCT_NAME = "$(TARGET_NAME)";
			};
			name = Release;
		};
/* End XCBuildConfiguration section */

/* Begin XCConfigurationList section */
		CFC109AC1E353C7200D59F6B /* Build configuration list for PBXProject "FixedLengthDB" */ = {
			isa = XCConfigurationList;
			buildConfigurations = (
				CFC109B61E353C7300D59F6B /* Debug */,
				CFC109B71E353C7300D59F6B /* Release */,
			);
			defaultConfigurationIsVisible = 0;
			defaultConfigurationName = Release;
		};
		CFC109B81E353C7300D59F6B /* Build configuration list for PBXNativeTarget "FixedLengthDB" */ = {
			isa = XCConfigurationList;
			buildConfigurations = (
				CFC109B91E353C7300D59F6B /* Debug */,
				CFC109BA1E353C7300D59F6B /* Release */,
			);
			defaultConfigurationIsVisible = 0;
		};
/* End XCConfigurationList section */
	};
	rootObject = CFC109A91E353C7200D59F6B /* Project object */;
}
